{"SurveyEntry":{"SurveyID":"SV_a8LWwWpSqI6dWMR","SurveyName":"Side by Side to carry forward","SurveyDescription":null,"SurveyOwnerID":"UR_203aXxeyDzApYod","SurveyBrandID":"wguir","DivisionID":"DV_2o9KwD0n0b4allH","SurveyLanguage":"EN","SurveyActiveResponseSet":"RS_89cEwvS6vlQyLQh","SurveyStatus":"Inactive","SurveyStartDate":"0000-00-00 00:00:00","SurveyExpirationDate":"0000-00-00 00:00:00","SurveyCreationDate":"2018-07-17 10:53:44","CreatorID":"UR_203aXxeyDzApYod","LastModified":"2018-07-17 10:55:54","LastAccessed":"0000-00-00 00:00:00","LastActivated":"0000-00-00 00:00:00","Deleted":null},"SurveyElements":[{"SurveyID":"SV_a8LWwWpSqI6dWMR","Element":"BL","PrimaryAttribute":"Survey Blocks","SecondaryAttribute":null,"TertiaryAttribute":null,"Payload":[{"Type":"Default","Description":"Default Question Block","ID":"BL_9QX0AzzOoc6qbD7","BlockElements":[{"Type":"Question","QuestionID":"QID2"},{"Type":"Question","QuestionID":"QID3"}]},{"Type":"Trash","Description":"Trash \/ Unused Questions","ID":"BL_dmTQRYexTunvkuF","BlockElements":[{"Type":"Question","QuestionID":"QID1"}]}]},{"SurveyID":"SV_a8LWwWpSqI6dWMR","Element":"FL","PrimaryAttribute":"Survey Flow","SecondaryAttribute":null,"TertiaryAttribute":null,"Payload":{"Flow":[{"ID":"BL_9QX0AzzOoc6qbD7","Type":"Block","FlowID":"FL_2"}],"Properties":{"Count":2},"FlowID":"FL_1","Type":"Root"}},{"SurveyID":"SV_a8LWwWpSqI6dWMR","Element":"SO","PrimaryAttribute":"Survey Options","SecondaryAttribute":null,"TertiaryAttribute":null,"Payload":{"BackButton":"false","SaveAndContinue":"true","SurveyProtection":"PublicSurvey","BallotBoxStuffingPrevention":"false","NoIndex":"Yes","SecureResponseFiles":"true","SurveyExpiration":"None","SurveyTermination":"DefaultMessage","Header":"","Footer":"","ProgressBarDisplay":"None","PartialData":"+1 week","ValidationMessage":"","PreviousButton":" \u2190 ","NextButton":" \u2192 ","SkinLibrary":"wguir","SkinType":"MQ","Skin":"wguir2","NewScoring":1}},{"SurveyID":"SV_a8LWwWpSqI6dWMR","Element":"SCO","PrimaryAttribute":"Scoring","SecondaryAttribute":null,"TertiaryAttribute":null,"Payload":{"ScoringCategories":[],"ScoringCategoryGroups":[],"ScoringSummaryCategory":null,"ScoringSummaryAfterQuestions":0,"ScoringSummaryAfterSurvey":0,"DefaultScoringCategory":null,"AutoScoringCategory":null}},{"SurveyID":"SV_a8LWwWpSqI6dWMR","Element":"STAT","PrimaryAttribute":"Survey Statistics","SecondaryAttribute":null,"TertiaryAttribute":null,"Payload":{"MobileCompatible":true,"ID":"Survey Statistics"}},{"SurveyID":"SV_a8LWwWpSqI6dWMR","Element":"SQ","PrimaryAttribute":"QID2","SecondaryAttribute":" Please complete the following sentences:","TertiaryAttribute":null,"Payload":{"QuestionText":"&nbsp;Please complete the following sentences:","DefaultChoices":false,"DataExportTag":"Q3","QuestionType":"SBS","Selector":"SBSMatrix","DataVisibility":{"Private":false,"Hidden":false},"Configuration":{"QuestionDescriptionOption":"UseText","RepeatHeaders":"none","ColumnOrder":[0,1,2,3]},"QuestionDescription":" Please complete the following sentences:","Choices":{"16":{"Display":"a"},"17":{"Display":"b"},"18":{"Display":"c"},"19":{"Display":"d"},"20":{"Display":"e"},"21":{"Display":"f"}},"ChoiceOrder":["16","17","18","19","20","21"],"Validation":{"Settings":{"ForceResponse":"OFF","ForceResponseType":"ON","Type":"None"}},"RecodeValues":{"1":1,"2":2,"3":3},"GradingData":[],"Language":[],"NextChoiceId":22,"NextAnswerId":7,"NumberOfQuestions":3,"AdditionalQuestions":{"1":{"QuestionText":"Person\/thing does\/doesn't","Answers":{"1":{"Display":"...I avoid\/don't..."},"2":{"Display":"...I do..."},"3":{"Display":"...my mentor..."},"4":{"Display":"...WGU..."},"5":{"Display":"...my spouse..."},"6":{"Display":"...my child(ren)..."},"7":{"Display":"...my friend..."},"8":{"Display":"...someone else..."},"9":{"Display":"...something else..."},"10":{"Display":"...God..."}},"RecodeValues":{"1":"1","2":"2","3":"3","4":"4","5":"5","6":"6","7":"7","8":"8","9":"9","10":"10"},"VariableNaming":[],"AnalyzeChoices":[],"QuestionType":"Matrix","Selector":"Likert","SubSelector":"DL","ChoiceColumnWidthPixels":null,"DataExportTag":"Q3#1","Choices":{"16":{"Display":"a"},"17":{"Display":"b"},"18":{"Display":"c"},"19":{"Display":"d"},"20":{"Display":"e"},"21":{"Display":"f"}},"ChoiceDataExportTags":false,"QuestionDescription":"Person\/thing does\/doesn't","Configuration":{"QuestionDescriptionOption":"UseText"},"QuestionID":"QID2#1"},"2":{"QuestionText":"Action \/ Event","Answers":{"1":{"Display":"action\/event"}},"RecodeValues":{"1":"999"},"VariableNaming":[],"AnalyzeChoices":[],"QuestionType":"Matrix","Selector":"TE","SubSelector":"Long","ChoiceColumnWidthPixels":null,"DataExportTag":"Q3#2","Choices":{"16":{"Display":"a"},"17":{"Display":"b"},"18":{"Display":"c"},"19":{"Display":"d"},"20":{"Display":"e"},"21":{"Display":"f"}},"ChoiceDataExportTags":false,"QuestionDescription":"Action \/ Event","Configuration":{"QuestionDescriptionOption":"UseText"},"QuestionID":"QID2#2"},"3":{"QuestionText":"Frequency","Answers":{"1":{"Display":"more often"},"2":{"Display":"less often"},"3":{"Display":"just once"},"4":{"Display":"the same amount"}},"RecodeValues":{"1":"1","2":"2","3":"3","4":"4"},"VariableNaming":[],"AnalyzeChoices":[],"QuestionType":"Matrix","Selector":"Likert","SubSelector":"DL","ChoiceColumnWidthPixels":null,"DataExportTag":"Q3#3","Choices":{"16":{"Display":"a"},"17":{"Display":"b"},"18":{"Display":"c"},"19":{"Display":"d"},"20":{"Display":"e"},"21":{"Display":"f"}},"ChoiceDataExportTags":false,"QuestionDescription":"Frequency","Configuration":{"QuestionDescriptionOption":"UseText"},"QuestionID":"QID2#3"}},"ChoiceDataExportTags":false,"QuestionID":"QID2"}},{"SurveyID":"SV_a8LWwWpSqI6dWMR","Element":"PROJ","PrimaryAttribute":"CORE","SecondaryAttribute":"1.0.0","TertiaryAttribute":null,"Payload":null},{"SurveyID":"SV_a8LWwWpSqI6dWMR","Element":"QC","PrimaryAttribute":"Survey Question Count","SecondaryAttribute":"3","TertiaryAttribute":null,"Payload":null},{"SurveyID":"SV_a8LWwWpSqI6dWMR","Element":"SQ","PrimaryAttribute":"QID1","SecondaryAttribute":"Click to write the question text","TertiaryAttribute":null,"Payload":{"QuestionText":"Click to write the question text","DataExportTag":"Q1","QuestionType":"MC","Selector":"SAVR","SubSelector":"TX","Configuration":{"QuestionDescriptionOption":"UseText"},"QuestionDescription":"Click to write the question text","Choices":{"1":{"Display":"Click to write Choice 1"},"2":{"Display":"Click to write Choice 2"},"3":{"Display":"Click to write Choice 3"}},"ChoiceOrder":["1","2","3"],"Validation":{"Settings":{"ForceResponse":"OFF","ForceResponseType":"ON","Type":"None"}},"Language":[],"NextChoiceId":4,"NextAnswerId":1,"QuestionID":"QID1"}},{"SurveyID":"SV_a8LWwWpSqI6dWMR","Element":"RS","PrimaryAttribute":"RS_89cEwvS6vlQyLQh","SecondaryAttribute":"Default Response Set","TertiaryAttribute":null,"Payload":null},{"SurveyID":"SV_a8LWwWpSqI6dWMR","Element":"SQ","PrimaryAttribute":"QID3","SecondaryAttribute":"The goal: carry forward the \"Action \/ Event\" text column from the side-by-side question above as...","TertiaryAttribute":null,"Payload":{"QuestionText":"&nbsp;The goal: carry forward the \"Action \/ Event\" text column from the side-by-side question above as statements.&nbsp; So, rather than a, b, c it will have the user-generated input.","DefaultChoices":false,"DataExportTag":"Q5","QuestionType":"Matrix","Selector":"Likert","SubSelector":"SingleAnswer","DataVisibility":{"Private":false,"Hidden":false},"Configuration":{"QuestionDescriptionOption":"UseText","TextPosition":"inline","ChoiceColumnWidth":25,"RepeatHeaders":"none","WhiteSpace":"OFF","MobileFirst":true},"QuestionDescription":"The goal: carry forward the \"Action \/ Event\" text column from the side-by-side question above as...","Choices":[],"ChoiceOrder":[],"Validation":{"Settings":{"ForceResponse":"OFF","ForceResponseType":"ON","Type":"None"}},"GradingData":[],"AnalyzeChoices":{"2":"No"},"Language":[],"NextChoiceId":4,"NextAnswerId":4,"Answers":{"1":{"Display":"more"},"2":{"Display":"n\/a"},"3":{"Display":"less"}},"AnswerOrder":["1","2","3"],"ChoiceDataExportTags":false,"QuestionID":"QID3","DynamicChoices":{"DynamicType":"ChoiceGroup","Locator":"q:\/\/QID2\/ChoiceGroup\/AllChoices?displayLogic=0","Type":"Dynamic"},"DynamicChoicesData":[]}}]}